
Microsoft Visual Studio Solution File, Format Version 12.00
# Visual Studio 14
Project("{8BC9CEB8-8B4A-11D0-8D11-00A0C91BC942}") = "VirtualFileSystemDemo", "VirtualFileSystemDemo.vcxproj", "{D67480F3-42E1-3BEE-0BD5-D34B77005E56}"
EndProject
Global
	GlobalSection(SolutionConfigurationPlatforms) = preSolution
		DebugLinux|Win32 = DebugLinux|Win32
		DebugLinux|x64 = DebugLinux|x64
		ReleaseLinux|Win32 = ReleaseLinux|Win32
		ReleaseLinux|x64 = ReleaseLinux|x64
		DebugWindows|Win32 = DebugWindows|Win32
		DebugWindows|x64 = DebugWindows|x64
		ReleaseWindows|Win32 = ReleaseWindows|Win32
		ReleaseWindows|x64 = ReleaseWindows|x64
	EndGlobalSection
	GlobalSection(ProjectConfigurationPlatforms) = postSolution
		{D67480F3-42E1-3BEE-0BD5-D34B77005E56}.DebugLinux|Win32.ActiveCfg = DebugLinux|Win32
		{D67480F3-42E1-3BEE-0BD5-D34B77005E56}.DebugLinux|Win32.Build.0 = DebugLinux|Win32
		{D67480F3-42E1-3BEE-0BD5-D34B77005E56}.DebugLinux|x64.ActiveCfg = DebugLinux|x64
		{D67480F3-42E1-3BEE-0BD5-D34B77005E56}.DebugLinux|x64.Build.0 = DebugLinux|x64
		{D67480F3-42E1-3BEE-0BD5-D34B77005E56}.ReleaseLinux|Win32.ActiveCfg = ReleaseLinux|Win32
		{D67480F3-42E1-3BEE-0BD5-D34B77005E56}.ReleaseLinux|Win32.Build.0 = ReleaseLinux|Win32
		{D67480F3-42E1-3BEE-0BD5-D34B77005E56}.ReleaseLinux|x64.ActiveCfg = ReleaseLinux|x64
		{D67480F3-42E1-3BEE-0BD5-D34B77005E56}.ReleaseLinux|x64.Build.0 = ReleaseLinux|x64
		{D67480F3-42E1-3BEE-0BD5-D34B77005E56}.DebugWindows|Win32.ActiveCfg = DebugWindows|Win32
		{D67480F3-42E1-3BEE-0BD5-D34B77005E56}.DebugWindows|Win32.Build.0 = DebugWindows|Win32
		{D67480F3-42E1-3BEE-0BD5-D34B77005E56}.DebugWindows|x64.ActiveCfg = DebugWindows|x64
		{D67480F3-42E1-3BEE-0BD5-D34B77005E56}.DebugWindows|x64.Build.0 = DebugWindows|x64
		{D67480F3-42E1-3BEE-0BD5-D34B77005E56}.ReleaseWindows|Win32.ActiveCfg = ReleaseWindows|Win32
		{D67480F3-42E1-3BEE-0BD5-D34B77005E56}.ReleaseWindows|Win32.Build.0 = ReleaseWindows|Win32
		{D67480F3-42E1-3BEE-0BD5-D34B77005E56}.ReleaseWindows|x64.ActiveCfg = ReleaseWindows|x64
		{D67480F3-42E1-3BEE-0BD5-D34B77005E56}.ReleaseWindows|x64.Build.0 = ReleaseWindows|x64
	EndGlobalSection
	GlobalSection(SolutionProperties) = preSolution
		HideSolutionNode = FALSE
	EndGlobalSection
	GlobalSection(NestedProjects) = preSolution
	EndGlobalSection
EndGlobal
