<?xml version="1.0" encoding="utf-8"?>
<Project ToolsVersion="14.0" xmlns="http://schemas.microsoft.com/developer/msbuild/2003">
  <ItemGroup>
    <ClInclude Include="ArchiveFile_PlatformSpecific_Linux.hpp" />
    <ClInclude Include="ArchiveFile_PlatformSpecific_Windows.hpp" />
    <ClInclude Include="Directory_PlatformSpecific_Linux.hpp" />
    <ClInclude Include="Directory_PlatformSpecific_Windows.hpp" />
    <ClInclude Include="File_PlatformSpecific_Linux.hpp" />
    <ClInclude Include="File_PlatformSpecific_Windows.hpp" />
    <ClInclude Include="ArchiveFile.h" />
    <ClInclude Include="ArchivePartFile.h" />
    <ClInclude Include="Directory.h" />
    <ClInclude Include="File.h" />
    <ClInclude Include="FileAccesMode.h" />
    <ClInclude Include="FileAccessFlags.h" />
    <ClInclude Include="FileHandle.h" />
    <ClInclude Include="FileSystem.h" />
    <ClInclude Include="FileSystemItem.h" />
    <ClInclude Include="ZipFile.h" />
  </ItemGroup>
  <ItemGroup>
    <ClCompile Include="ArchiveFile.cpp" />
    <ClCompile Include="ArchivePartFile.cpp" />
    <ClCompile Include="Directory.cpp" />
    <ClCompile Include="File.cpp" />
    <ClCompile Include="FileSystem.cpp" />
    <ClCompile Include="FileSystemItem.cpp" />
    <ClCompile Include="main.cpp" />
  </ItemGroup>
</Project>
